
Microsoft Visual Studio Solution File, Format Version 12.00
# Visual Studio Version 17
VisualStudioVersion = 17.3.32901.215
MinimumVisualStudioVersion = 10.0.40219.1
Project("{FAE04EC0-301F-11D3-BF4B-00C04F79EFBC}") = "SPP_Lab_2", "SPP_Lab_2\SPP_Lab_2.csproj", "{643244F9-3AE6-470C-A8A1-B7BA03EAF641}"
EndProject
Project("{FAE04EC0-301F-11D3-BF4B-00C04F79EFBC}") = "GeneratorsPack", "GeneratorsPack\GeneratorsPack.csproj", "{28602EB4-3CD6-480D-8C19-9B4252F2DEB4}"
EndProject
Global
	GlobalSection(SolutionConfigurationPlatforms) = preSolution
		Debug|Any CPU = Debug|Any CPU
		Release|Any CPU = Release|Any CPU
	EndGlobalSection
	GlobalSection(ProjectConfigurationPlatforms) = postSolution
		{643244F9-3AE6-470C-A8A1-B7BA03EAF641}.Debug|Any CPU.ActiveCfg = Debug|Any CPU
		{643244F9-3AE6-470C-A8A1-B7BA03EAF641}.Debug|Any CPU.Build.0 = Debug|Any CPU
		{643244F9-3AE6-470C-A8A1-B7BA03EAF641}.Release|Any CPU.ActiveCfg = Release|Any CPU
		{643244F9-3AE6-470C-A8A1-B7BA03EAF641}.Release|Any CPU.Build.0 = Release|Any CPU
		{28602EB4-3CD6-480D-8C19-9B4252F2DEB4}.Debug|Any CPU.ActiveCfg = Debug|Any CPU
		{28602EB4-3CD6-480D-8C19-9B4252F2DEB4}.Debug|Any CPU.Build.0 = Debug|Any CPU
		{28602EB4-3CD6-480D-8C19-9B4252F2DEB4}.Release|Any CPU.ActiveCfg = Release|Any CPU
		{28602EB4-3CD6-480D-8C19-9B4252F2DEB4}.Release|Any CPU.Build.0 = Release|Any CPU
	EndGlobalSection
	GlobalSection(SolutionProperties) = preSolution
		HideSolutionNode = FALSE
	EndGlobalSection
	GlobalSection(ExtensibilityGlobals) = postSolution
		SolutionGuid = {D3D063CF-9539-46E0-9652-4D71377FA77A}
	EndGlobalSection
EndGlobal
